
Microsoft Visual Studio Solution File, Format Version 12.00
# Visual Studio Version 17
VisualStudioVersion = 17.0.31903.59
MinimumVisualStudioVersion = 10.0.40219.1
Project("{2150E333-8FDC-42A3-9474-1A3956D46DE8}") = "src", "src", "{EC4FD5AD-34DC-4714-BF2E-6FB18CC8B65F}"
EndProject
Project("{FAE04EC0-301F-11D3-BF4B-00C04F79EFBC}") = "EcoTrace.Mobile.Core", "src\EcoTrace.Mobile.Core\EcoTrace.Mobile.Core.csproj", "{D982C386-C8CD-47C8-9145-35159F64BEBF}"
EndProject
Project("{FAE04EC0-301F-11D3-BF4B-00C04F79EFBC}") = "EcoTrace.App", "src\EcoTrace.App\EcoTrace.App.csproj", "{6663AA86-D3E9-4B8A-9F15-E302B6B85671}"
EndProject
Project("{2150E333-8FDC-42A3-9474-1A3956D46DE8}") = "tests", "tests", "{D1014F75-A417-450B-92EA-4BDC353C0FC6}"
EndProject
Project("{FAE04EC0-301F-11D3-BF4B-00C04F79EFBC}") = "EcoTrace.Mobile.Tests", "tests\EcoTrace.Mobile.Tests\EcoTrace.Mobile.Tests.csproj", "{0F2D987A-74DA-41DA-AA2C-B9BC575D42D2}"
EndProject
Global
	GlobalSection(SolutionConfigurationPlatforms) = preSolution
		Debug|Any CPU = Debug|Any CPU
		Release|Any CPU = Release|Any CPU
	EndGlobalSection
	GlobalSection(SolutionProperties) = preSolution
		HideSolutionNode = FALSE
	EndGlobalSection
	GlobalSection(ProjectConfigurationPlatforms) = postSolution
		{D982C386-C8CD-47C8-9145-35159F64BEBF}.Debug|Any CPU.ActiveCfg = Debug|Any CPU
		{D982C386-C8CD-47C8-9145-35159F64BEBF}.Debug|Any CPU.Build.0 = Debug|Any CPU
		{D982C386-C8CD-47C8-9145-35159F64BEBF}.Release|Any CPU.ActiveCfg = Release|Any CPU
		{D982C386-C8CD-47C8-9145-35159F64BEBF}.Release|Any CPU.Build.0 = Release|Any CPU
		{6663AA86-D3E9-4B8A-9F15-E302B6B85671}.Debug|Any CPU.ActiveCfg = Debug|Any CPU
		{6663AA86-D3E9-4B8A-9F15-E302B6B85671}.Debug|Any CPU.Build.0 = Debug|Any CPU
		{6663AA86-D3E9-4B8A-9F15-E302B6B85671}.Release|Any CPU.ActiveCfg = Release|Any CPU
		{6663AA86-D3E9-4B8A-9F15-E302B6B85671}.Release|Any CPU.Build.0 = Release|Any CPU
		{0F2D987A-74DA-41DA-AA2C-B9BC575D42D2}.Debug|Any CPU.ActiveCfg = Debug|Any CPU
		{0F2D987A-74DA-41DA-AA2C-B9BC575D42D2}.Debug|Any CPU.Build.0 = Debug|Any CPU
		{0F2D987A-74DA-41DA-AA2C-B9BC575D42D2}.Release|Any CPU.ActiveCfg = Release|Any CPU
		{0F2D987A-74DA-41DA-AA2C-B9BC575D42D2}.Release|Any CPU.Build.0 = Release|Any CPU
	EndGlobalSection
	GlobalSection(NestedProjects) = preSolution
		{D982C386-C8CD-47C8-9145-35159F64BEBF} = {EC4FD5AD-34DC-4714-BF2E-6FB18CC8B65F}
		{6663AA86-D3E9-4B8A-9F15-E302B6B85671} = {EC4FD5AD-34DC-4714-BF2E-6FB18CC8B65F}
		{0F2D987A-74DA-41DA-AA2C-B9BC575D42D2} = {D1014F75-A417-450B-92EA-4BDC353C0FC6}
	EndGlobalSection
EndGlobal
