
Microsoft Visual Studio Solution File, Format Version 12.00
# Visual Studio Version 17
VisualStudioVersion = 17.0.31903.59
MinimumVisualStudioVersion = 10.0.40219.1
Project("{2150E333-8FDC-42A3-9474-1A3956D46DE8}") = "src", "src", "{4036C25C-73CB-4D21-A3B4-3AB6D0953D18}"
EndProject
Project("{2150E333-8FDC-42A3-9474-1A3956D46DE8}") = "Identity", "Identity", "{5C5249DC-850B-46AE-BAFB-CCBE35630804}"
EndProject
Project("{FAE04EC0-301F-11D3-BF4B-00C04F79EFBC}") = "EcoTrace.Identity.Domain", "src\EcoTrace.Identity\Domain\EcoTrace.Identity.Domain.csproj", "{C4DAD804-DF12-4FA9-AAA9-F5ADFC8A804B}"
EndProject
Project("{FAE04EC0-301F-11D3-BF4B-00C04F79EFBC}") = "EcoTrace.Identity.Infrastructure", "src\EcoTrace.Identity\Infrastructure\EcoTrace.Identity.Infrastructure.csproj", "{AF5EF70B-4DA2-4ADE-A6C7-40E426B8D5AD}"
EndProject
Project("{FAE04EC0-301F-11D3-BF4B-00C04F79EFBC}") = "EcoTrace.Identity.Api", "src\EcoTrace.Identity\Api\EcoTrace.Identity.Api.csproj", "{86A80A05-1E8E-4AE6-AA4D-0877F4A5CEF5}"
EndProject
Project("{2150E333-8FDC-42A3-9474-1A3956D46DE8}") = "FleetManagement", "FleetManagement", "{59FD26CD-CFD1-4D9C-8747-117B3BFDC562}"
EndProject
Project("{FAE04EC0-301F-11D3-BF4B-00C04F79EFBC}") = "EcoTrace.FleetManagement.Domain", "src\EcoTrace.FleetManagement\Domain\EcoTrace.FleetManagement.Domain.csproj", "{681E373B-6830-453B-A807-E51605D8B966}"
EndProject
Project("{FAE04EC0-301F-11D3-BF4B-00C04F79EFBC}") = "EcoTrace.FleetManagement.Infrastructure", "src\EcoTrace.FleetManagement\Infrastructure\EcoTrace.FleetManagement.Infrastructure.csproj", "{BFDFA671-4C8B-48C2-A4A9-AEEF612F5570}"
EndProject
Project("{FAE04EC0-301F-11D3-BF4B-00C04F79EFBC}") = "EcoTrace.FleetManagement.Api", "src\EcoTrace.FleetManagement\Api\EcoTrace.FleetManagement.Api.csproj", "{17D95EA8-CFB0-4000-BA24-F957D52C9CB7}"
EndProject
Project("{2150E333-8FDC-42A3-9474-1A3956D46DE8}") = "CargoTracking", "CargoTracking", "{D40E0F2B-8075-4D9E-955A-77F553BCE9C3}"
EndProject
Project("{FAE04EC0-301F-11D3-BF4B-00C04F79EFBC}") = "EcoTrace.CargoTracking.Domain", "src\EcoTrace.CargoTracking\Domain\EcoTrace.CargoTracking.Domain.csproj", "{A6EAF18A-70C6-4515-BFA6-E36965951DF0}"
EndProject
Project("{FAE04EC0-301F-11D3-BF4B-00C04F79EFBC}") = "EcoTrace.CargoTracking.Infrastructure", "src\EcoTrace.CargoTracking\Infrastructure\EcoTrace.CargoTracking.Infrastructure.csproj", "{58AC2C4A-033B-46DD-AD03-3981B1549D8F}"
EndProject
Project("{FAE04EC0-301F-11D3-BF4B-00C04F79EFBC}") = "EcoTrace.CargoTracking.Api", "src\EcoTrace.CargoTracking\Api\EcoTrace.CargoTracking.Api.csproj", "{F870A4A7-4965-4CF8-80A1-3F6FEDDB45EF}"
EndProject
Project("{2150E333-8FDC-42A3-9474-1A3956D46DE8}") = "Billing", "Billing", "{DB78A468-AB80-41B8-B2A2-CE9EE39E02F8}"
EndProject
Project("{FAE04EC0-301F-11D3-BF4B-00C04F79EFBC}") = "EcoTrace.Billing.Domain", "src\EcoTrace.Billing\Domain\EcoTrace.Billing.Domain.csproj", "{B366D77F-662D-4D4A-A930-DD6D28799512}"
EndProject
Project("{FAE04EC0-301F-11D3-BF4B-00C04F79EFBC}") = "EcoTrace.Billing.Infrastructure", "src\EcoTrace.Billing\Infrastructure\EcoTrace.Billing.Infrastructure.csproj", "{C2FA1539-33E3-43CB-BD60-042E3C496A03}"
EndProject
Project("{FAE04EC0-301F-11D3-BF4B-00C04F79EFBC}") = "EcoTrace.Billing.Api", "src\EcoTrace.Billing\Api\EcoTrace.Billing.Api.csproj", "{7A03CFED-DC7F-41FB-834F-9BF449BBFA88}"
EndProject
Project("{2150E333-8FDC-42A3-9474-1A3956D46DE8}") = "Console", "Console", "{E9DC0890-B75D-491F-99C3-8D84F4BD1820}"
EndProject
Project("{FAE04EC0-301F-11D3-BF4B-00C04F79EFBC}") = "EcoTrace.Console", "src\EcoTrace.Console\EcoTrace.Console.csproj", "{E14EB523-91DC-4DEC-AA92-B0972F752E0D}"
EndProject
Project("{2150E333-8FDC-42A3-9474-1A3956D46DE8}") = "tests", "tests", "{591BB91D-B7BA-4983-9259-E73CAD2ADEA3}"
EndProject
Project("{FAE04EC0-301F-11D3-BF4B-00C04F79EFBC}") = "EcoTrace.Referencia.Tests", "tests\EcoTrace.Referencia.Tests\EcoTrace.Referencia.Tests.csproj", "{1E7286AF-5581-440E-A663-EE0470503AB9}"
EndProject
Global
	GlobalSection(SolutionConfigurationPlatforms) = preSolution
		Debug|Any CPU = Debug|Any CPU
		Release|Any CPU = Release|Any CPU
	EndGlobalSection
	GlobalSection(SolutionProperties) = preSolution
		HideSolutionNode = FALSE
	EndGlobalSection
	GlobalSection(ProjectConfigurationPlatforms) = postSolution
		{C4DAD804-DF12-4FA9-AAA9-F5ADFC8A804B}.Debug|Any CPU.ActiveCfg = Debug|Any CPU
		{C4DAD804-DF12-4FA9-AAA9-F5ADFC8A804B}.Debug|Any CPU.Build.0 = Debug|Any CPU
		{C4DAD804-DF12-4FA9-AAA9-F5ADFC8A804B}.Release|Any CPU.ActiveCfg = Release|Any CPU
		{C4DAD804-DF12-4FA9-AAA9-F5ADFC8A804B}.Release|Any CPU.Build.0 = Release|Any CPU
		{AF5EF70B-4DA2-4ADE-A6C7-40E426B8D5AD}.Debug|Any CPU.ActiveCfg = Debug|Any CPU
		{AF5EF70B-4DA2-4ADE-A6C7-40E426B8D5AD}.Debug|Any CPU.Build.0 = Debug|Any CPU
		{AF5EF70B-4DA2-4ADE-A6C7-40E426B8D5AD}.Release|Any CPU.ActiveCfg = Release|Any CPU
		{AF5EF70B-4DA2-4ADE-A6C7-40E426B8D5AD}.Release|Any CPU.Build.0 = Release|Any CPU
		{86A80A05-1E8E-4AE6-AA4D-0877F4A5CEF5}.Debug|Any CPU.ActiveCfg = Debug|Any CPU
		{86A80A05-1E8E-4AE6-AA4D-0877F4A5CEF5}.Debug|Any CPU.Build.0 = Debug|Any CPU
		{86A80A05-1E8E-4AE6-AA4D-0877F4A5CEF5}.Release|Any CPU.ActiveCfg = Release|Any CPU
		{86A80A05-1E8E-4AE6-AA4D-0877F4A5CEF5}.Release|Any CPU.Build.0 = Release|Any CPU
		{681E373B-6830-453B-A807-E51605D8B966}.Debug|Any CPU.ActiveCfg = Debug|Any CPU
		{681E373B-6830-453B-A807-E51605D8B966}.Debug|Any CPU.Build.0 = Debug|Any CPU
		{681E373B-6830-453B-A807-E51605D8B966}.Release|Any CPU.ActiveCfg = Release|Any CPU
		{681E373B-6830-453B-A807-E51605D8B966}.Release|Any CPU.Build.0 = Release|Any CPU
		{BFDFA671-4C8B-48C2-A4A9-AEEF612F5570}.Debug|Any CPU.ActiveCfg = Debug|Any CPU
		{BFDFA671-4C8B-48C2-A4A9-AEEF612F5570}.Debug|Any CPU.Build.0 = Debug|Any CPU
		{BFDFA671-4C8B-48C2-A4A9-AEEF612F5570}.Release|Any CPU.ActiveCfg = Release|Any CPU
		{BFDFA671-4C8B-48C2-A4A9-AEEF612F5570}.Release|Any CPU.Build.0 = Release|Any CPU
		{17D95EA8-CFB0-4000-BA24-F957D52C9CB7}.Debug|Any CPU.ActiveCfg = Debug|Any CPU
		{17D95EA8-CFB0-4000-BA24-F957D52C9CB7}.Debug|Any CPU.Build.0 = Debug|Any CPU
		{17D95EA8-CFB0-4000-BA24-F957D52C9CB7}.Release|Any CPU.ActiveCfg = Release|Any CPU
		{17D95EA8-CFB0-4000-BA24-F957D52C9CB7}.Release|Any CPU.Build.0 = Release|Any CPU
		{A6EAF18A-70C6-4515-BFA6-E36965951DF0}.Debug|Any CPU.ActiveCfg = Debug|Any CPU
		{A6EAF18A-70C6-4515-BFA6-E36965951DF0}.Debug|Any CPU.Build.0 = Debug|Any CPU
		{A6EAF18A-70C6-4515-BFA6-E36965951DF0}.Release|Any CPU.ActiveCfg = Release|Any CPU
		{A6EAF18A-70C6-4515-BFA6-E36965951DF0}.Release|Any CPU.Build.0 = Release|Any CPU
		{58AC2C4A-033B-46DD-AD03-3981B1549D8F}.Debug|Any CPU.ActiveCfg = Debug|Any CPU
		{58AC2C4A-033B-46DD-AD03-3981B1549D8F}.Debug|Any CPU.Build.0 = Debug|Any CPU
		{58AC2C4A-033B-46DD-AD03-3981B1549D8F}.Release|Any CPU.ActiveCfg = Release|Any CPU
		{58AC2C4A-033B-46DD-AD03-3981B1549D8F}.Release|Any CPU.Build.0 = Release|Any CPU
		{F870A4A7-4965-4CF8-80A1-3F6FEDDB45EF}.Debug|Any CPU.ActiveCfg = Debug|Any CPU
		{F870A4A7-4965-4CF8-80A1-3F6FEDDB45EF}.Debug|Any CPU.Build.0 = Debug|Any CPU
		{F870A4A7-4965-4CF8-80A1-3F6FEDDB45EF}.Release|Any CPU.ActiveCfg = Release|Any CPU
		{F870A4A7-4965-4CF8-80A1-3F6FEDDB45EF}.Release|Any CPU.Build.0 = Release|Any CPU
		{B366D77F-662D-4D4A-A930-DD6D28799512}.Debug|Any CPU.ActiveCfg = Debug|Any CPU
		{B366D77F-662D-4D4A-A930-DD6D28799512}.Debug|Any CPU.Build.0 = Debug|Any CPU
		{B366D77F-662D-4D4A-A930-DD6D28799512}.Release|Any CPU.ActiveCfg = Release|Any CPU
		{B366D77F-662D-4D4A-A930-DD6D28799512}.Release|Any CPU.Build.0 = Release|Any CPU
		{C2FA1539-33E3-43CB-BD60-042E3C496A03}.Debug|Any CPU.ActiveCfg = Debug|Any CPU
		{C2FA1539-33E3-43CB-BD60-042E3C496A03}.Debug|Any CPU.Build.0 = Debug|Any CPU
		{C2FA1539-33E3-43CB-BD60-042E3C496A03}.Release|Any CPU.ActiveCfg = Release|Any CPU
		{C2FA1539-33E3-43CB-BD60-042E3C496A03}.Release|Any CPU.Build.0 = Release|Any CPU
		{7A03CFED-DC7F-41FB-834F-9BF449BBFA88}.Debug|Any CPU.ActiveCfg = Debug|Any CPU
		{7A03CFED-DC7F-41FB-834F-9BF449BBFA88}.Debug|Any CPU.Build.0 = Debug|Any CPU
		{7A03CFED-DC7F-41FB-834F-9BF449BBFA88}.Release|Any CPU.ActiveCfg = Release|Any CPU
		{7A03CFED-DC7F-41FB-834F-9BF449BBFA88}.Release|Any CPU.Build.0 = Release|Any CPU
		{E14EB523-91DC-4DEC-AA92-B0972F752E0D}.Debug|Any CPU.ActiveCfg = Debug|Any CPU
		{E14EB523-91DC-4DEC-AA92-B0972F752E0D}.Debug|Any CPU.Build.0 = Debug|Any CPU
		{E14EB523-91DC-4DEC-AA92-B0972F752E0D}.Release|Any CPU.ActiveCfg = Release|Any CPU
		{E14EB523-91DC-4DEC-AA92-B0972F752E0D}.Release|Any CPU.Build.0 = Release|Any CPU
		{1E7286AF-5581-440E-A663-EE0470503AB9}.Debug|Any CPU.ActiveCfg = Debug|Any CPU
		{1E7286AF-5581-440E-A663-EE0470503AB9}.Debug|Any CPU.Build.0 = Debug|Any CPU
		{1E7286AF-5581-440E-A663-EE0470503AB9}.Release|Any CPU.ActiveCfg = Release|Any CPU
		{1E7286AF-5581-440E-A663-EE0470503AB9}.Release|Any CPU.Build.0 = Release|Any CPU
	EndGlobalSection
	GlobalSection(NestedProjects) = preSolution
		{5C5249DC-850B-46AE-BAFB-CCBE35630804} = {4036C25C-73CB-4D21-A3B4-3AB6D0953D18}
		{C4DAD804-DF12-4FA9-AAA9-F5ADFC8A804B} = {5C5249DC-850B-46AE-BAFB-CCBE35630804}
		{AF5EF70B-4DA2-4ADE-A6C7-40E426B8D5AD} = {5C5249DC-850B-46AE-BAFB-CCBE35630804}
		{86A80A05-1E8E-4AE6-AA4D-0877F4A5CEF5} = {5C5249DC-850B-46AE-BAFB-CCBE35630804}
		{59FD26CD-CFD1-4D9C-8747-117B3BFDC562} = {4036C25C-73CB-4D21-A3B4-3AB6D0953D18}
		{681E373B-6830-453B-A807-E51605D8B966} = {59FD26CD-CFD1-4D9C-8747-117B3BFDC562}
		{BFDFA671-4C8B-48C2-A4A9-AEEF612F5570} = {59FD26CD-CFD1-4D9C-8747-117B3BFDC562}
		{17D95EA8-CFB0-4000-BA24-F957D52C9CB7} = {59FD26CD-CFD1-4D9C-8747-117B3BFDC562}
		{D40E0F2B-8075-4D9E-955A-77F553BCE9C3} = {4036C25C-73CB-4D21-A3B4-3AB6D0953D18}
		{A6EAF18A-70C6-4515-BFA6-E36965951DF0} = {D40E0F2B-8075-4D9E-955A-77F553BCE9C3}
		{58AC2C4A-033B-46DD-AD03-3981B1549D8F} = {D40E0F2B-8075-4D9E-955A-77F553BCE9C3}
		{F870A4A7-4965-4CF8-80A1-3F6FEDDB45EF} = {D40E0F2B-8075-4D9E-955A-77F553BCE9C3}
		{DB78A468-AB80-41B8-B2A2-CE9EE39E02F8} = {4036C25C-73CB-4D21-A3B4-3AB6D0953D18}
		{B366D77F-662D-4D4A-A930-DD6D28799512} = {DB78A468-AB80-41B8-B2A2-CE9EE39E02F8}
		{C2FA1539-33E3-43CB-BD60-042E3C496A03} = {DB78A468-AB80-41B8-B2A2-CE9EE39E02F8}
		{7A03CFED-DC7F-41FB-834F-9BF449BBFA88} = {DB78A468-AB80-41B8-B2A2-CE9EE39E02F8}
		{E9DC0890-B75D-491F-99C3-8D84F4BD1820} = {4036C25C-73CB-4D21-A3B4-3AB6D0953D18}
		{E14EB523-91DC-4DEC-AA92-B0972F752E0D} = {E9DC0890-B75D-491F-99C3-8D84F4BD1820}
		{1E7286AF-5581-440E-A663-EE0470503AB9} = {591BB91D-B7BA-4983-9259-E73CAD2ADEA3}
	EndGlobalSection
EndGlobal
