<Solution>
  <Folder Name="/EcoTrace.Billing/">
    <Project Path="src/EcoTrace.Billing/EcoTrace.Billing.Api/EcoTrace.Billing.Api.csproj" />
    <Project Path="src/EcoTrace.Billing/EcoTrace.Billing.Domain/EcoTrace.Billing.Domain.csproj" Id="7aaaac06-549a-41fb-b5aa-6be2c0be9234" />
    <Project Path="src/EcoTrace.Billing/EcoTrace.Billing.Infrastructure/EcoTrace.Billing.Infrastructure.csproj" Id="ab9a9c09-a7f7-4ee7-b2e4-9018352bdfcb" />
  </Folder>
  <Folder Name="/EcoTrace.Cargo&amp;Tracking/">
    <Project Path="src/EcoTrace.Cargo&amp;Tracking/EcoTrace.Cargo&amp;Tracking.Api/EcoTrace.Cargo&amp;Tracking.Api.csproj" />
    <Project Path="src/EcoTrace.Cargo&amp;Tracking/EcoTrace.Cargo&amp;Tracking.Domain/EcoTrace.Cargo&amp;Tracking.Domain.csproj" />
    <Project Path="src/EcoTrace.Cargo&amp;Tracking/EcoTrace.Cargo&amp;Tracking.Infrastructure/EcoTrace.Cargo&amp;Tracking.Infrastructure.csproj" />
  </Folder>
  <Folder Name="/EcoTrace.FleetManagement/">
    <Project Path="src/EcoTrace.FleetManagement/EcoTrace.FleetManagement.Api/EcoTrace.FleetManagement.Api.csproj" Id="ddabaee1-30d8-400d-8f6d-91e21fa3f4c4" />
    <Project Path="src/EcoTrace.FleetManagement/EcoTrace.FleetManagement.Domain/EcoTrace.FleetManagement.Domain.csproj" Id="85304cc3-a73c-496f-8a38-ea62ff972038" />
    <Project Path="src/EcoTrace.FleetManagement/EcoTrace.FleetManagement.Infrastructure/EcoTrace.FleetManagement.Infrastructure.csproj" Id="54666a3c-24a8-4e86-aaf3-3a0c269d0292" />
  </Folder>
  <Folder Name="/EcoTrace.Identity/">
    <Project Path="src/EcoTrace.Identity/EcoTrace.Identity.Api/EcoTrace.Identity.Api.csproj" Id="38732aa3-a096-4d2b-b20c-4e175a614d2e" />
    <Project Path="src/EcoTrace.Identity/EcoTrace.Identity.Domain/EcoTrace.Identity.Domain.csproj" Id="6542c5a8-8fd3-4531-a64e-d48c214e15ee" />
    <Project Path="src/EcoTrace.Identity/EcoTrace.Identity.Infrastructure/EcoTrace.Identity.Infrastructure.csproj" Id="ae12e49d-6ef6-4112-878c-7270181911f2" />
  </Folder>
</Solution>
